// !$*UTF8*$!
{
	archiveVersion = 1;
	classes = {
	};
	objectVersion = 46;
	objects = {

/* Begin PBXBuildFile section */
		5518F1921E90A2B20002448D /* main.cpp in Sources */ = {isa = PBXBuildFile; fileRef = 5518F1911E90A2B20002448D /* main.cpp */; };
		5518F19A1E90A2D50002448D /* polynomial.cpp in Sources */ = {isa = PBXBuildFile; fileRef = 5518F1981E90A2D50002448D /* polynomial.cpp */; };
/* End PBXBuildFile section */

/* Begin PBXCopyFilesBuildPhase section */
		5518F18C1E90A2B20002448D /* CopyFiles */ = {
			isa = PBXCopyFilesBuildPhase;
			buildActionMask = 2147483647;
			dstPath = /usr/share/man/man1/;
			dstSubfolderSpec = 0;
			files = (
			);
			runOnlyForDeploymentPostprocessing = 1;
		};
/* End PBXCopyFilesBuildPhase section */

/* Begin PBXFileReference section */
		5518F18E1E90A2B20002448D /* polynomial */ = {isa = PBXFileReference; explicitFileType = "compiled.mach-o.executable"; includeInIndex = 0; path = polynomial; sourceTree = BUILT_PRODUCTS_DIR; };
		5518F1911E90A2B20002448D /* main.cpp */ = {isa = PBXFileReference; lastKnownFileType = sourcecode.cpp.cpp; path = main.cpp; sourceTree = "<group>"; };
		5518F1981E90A2D50002448D /* polynomial.cpp */ = {isa = PBXFileReference; fileEncoding = 4; lastKnownFileType = sourcecode.cpp.cpp; path = polynomial.cpp; sourceTree = "<group>"; };
		5518F1991E90A2D50002448D /* polynomial.h */ = {isa = PBXFileReference; fileEncoding = 4; lastKnownFileType = sourcecode.c.h; path = polynomial.h; sourceTree = "<group>"; };
/* End PBXFileReference section */

/* Begin PBXFrameworksBuildPhase section */
		5518F18B1E90A2B20002448D /* Frameworks */ = {
			isa = PBXFrameworksBuildPhase;
			buildActionMask = 2147483647;
			files = (
			);
			runOnlyForDeploymentPostprocessing = 0;
		};
/* End PBXFrameworksBuildPhase section */

/* Begin PBXGroup section */
		5518F1851E90A2B20002448D = {
			isa = PBXGroup;
			children = (
				5518F1901E90A2B20002448D /* polynomial */,
				5518F18F1E90A2B20002448D /* Products */,
			);
			sourceTree = "<group>";
		};
		5518F18F1E90A2B20002448D /* Products */ = {
			isa = PBXGroup;
			children = (
				5518F18E1E90A2B20002448D /* polynomial */,
			);
			name = Products;
			sourceTree = "<group>";
		};
		5518F1901E90A2B20002448D /* polynomial */ = {
			isa = PBXGroup;
			children = (
				5518F1911E90A2B20002448D /* main.cpp */,
				5518F1981E90A2D50002448D /* polynomial.cpp */,
				5518F1991E90A2D50002448D /* polynomial.h */,
			);
			path = polynomial;
			sourceTree = "<group>";
		};
/* End PBXGroup section */

/* Begin PBXNativeTarget section */
		5518F18D1E90A2B20002448D /* polynomial */ = {
			isa = PBXNativeTarget;
			buildConfigurationList = 5518F1951E90A2B20002448D /* Build configuration list for PBXNativeTarget "polynomial" */;
			buildPhases = (
				5518F18A1E90A2B20002448D /* Sources */,
				5518F18B1E90A2B20002448D /* Frameworks */,
				5518F18C1E90A2B20002448D /* CopyFiles */,
			);
			buildRules = (
			);
			dependencies = (
			);
			name = polynomial;
			productName = polynomial;
			productReference = 5518F18E1E90A2B20002448D /* polynomial */;
			productType = "com.apple.product-type.tool";
		};
/* End PBXNativeTarget section */

/* Begin PBXProject section */
		5518F1861E90A2B20002448D /* Project object */ = {
			isa = PBXProject;
			attributes = {
				LastUpgradeCheck = 0800;
				ORGANIZATIONNAME = "University of Washington";
				TargetAttributes = {
					5518F18D1E90A2B20002448D = {
						CreatedOnToolsVersion = 8.0;
						DevelopmentTeam = 57DTEVY4D6;
						ProvisioningStyle = Automatic;
					};
				};
			};
			buildConfigurationList = 5518F1891E90A2B20002448D /* Build configuration list for PBXProject "polynomial" */;
			compatibilityVersion = "Xcode 3.2";
			developmentRegion = English;
			hasScannedForEncodings = 0;
			knownRegions = (
				en,
			);
			mainGroup = 5518F1851E90A2B20002448D;
			productRefGroup = 5518F18F1E90A2B20002448D /* Products */;
			projectDirPath = "";
			projectRoot = "";
			targets = (
				5518F18D1E90A2B20002448D /* polynomial */,
			);
		};
/* End PBXProject section */

/* Begin PBXSourcesBuildPhase section */
		5518F18A1E90A2B20002448D /* Sources */ = {
			isa = PBXSourcesBuildPhase;
			buildActionMask = 2147483647;
			files = (
				5518F1921E90A2B20002448D /* main.cpp in Sources */,
				5518F19A1E90A2D50002448D /* polynomial.cpp in Sources */,
			);
			runOnlyForDeploymentPostprocessing = 0;
		};
/* End PBXSourcesBuildPhase section */

/* Begin XCBuildConfiguration section */
		5518F1931E90A2B20002448D /* Debug */ = {
			isa = XCBuildConfiguration;
			buildSettings = {
				ALWAYS_SEARCH_USER_PATHS = NO;
				CLANG_ANALYZER_NONNULL = YES;
				CLANG_CXX_LANGUAGE_STANDARD = "gnu++0x";
				CLANG_CXX_LIBRARY = "libc++";
				CLANG_ENABLE_MODULES = YES;
				CLANG_ENABLE_OBJC_ARC = YES;
				CLANG_WARN_BOOL_CONVERSION = YES;
				CLANG_WARN_CONSTANT_CONVERSION = YES;
				CLANG_WARN_DIRECT_OBJC_ISA_USAGE = YES_ERROR;
				CLANG_WARN_DOCUMENTATION_COMMENTS = YES;
				CLANG_WARN_EMPTY_BODY = YES;
				CLANG_WARN_ENUM_CONVERSION = YES;
				CLANG_WARN_INFINITE_RECURSION = YES;
				CLANG_WARN_INT_CONVERSION = YES;
				CLANG_WARN_OBJC_ROOT_CLASS = YES_ERROR;
				CLANG_WARN_SUSPICIOUS_MOVES = YES;
				CLANG_WARN_UNREACHABLE_CODE = YES;
				CLANG_WARN__DUPLICATE_METHOD_MATCH = YES;
				CODE_SIGN_IDENTITY = "-";
				COPY_PHASE_STRIP = NO;
				DEBUG_INFORMATION_FORMAT = dwarf;
				ENABLE_STRICT_OBJC_MSGSEND = YES;
				ENABLE_TESTABILITY = YES;
				GCC_C_LANGUAGE_STANDARD = gnu99;
				GCC_DYNAMIC_NO_PIC = NO;
				GCC_NO_COMMON_BLOCKS = YES;
				GCC_OPTIMIZATION_LEVEL = 0;
				GCC_PREPROCESSOR_DEFINITIONS = (
					"DEBUG=1",
					"$(inherited)",
				);
				GCC_WARN_64_TO_32_BIT_CONVERSION = YES;
				GCC_WARN_ABOUT_RETURN_TYPE = YES_ERROR;
				GCC_WARN_UNDECLARED_SELECTOR = YES;
				GCC_WARN_UNINITIALIZED_AUTOS = YES_AGGRESSIVE;
				GCC_WARN_UNUSED_FUNCTION = YES;
				GCC_WARN_UNUSED_VARIABLE = YES;
				MACOSX_DEPLOYMENT_TARGET = 10.12;
				MTL_ENABLE_DEBUG_INFO = YES;
				ONLY_ACTIVE_ARCH = YES;
				SDKROOT = macosx;
			};
			name = Debug;
		};
		5518F1941E90A2B20002448D /* Release */ = {
			isa = XCBuildConfiguration;
			buildSettings = {
				ALWAYS_SEARCH_USER_PATHS = NO;
				CLANG_ANALYZER_NONNULL = YES;
				CLANG_CXX_LANGUAGE_STANDARD = "gnu++0x";
				CLANG_CXX_LIBRARY = "libc++";
				CLANG_ENABLE_MODULES = YES;
				CLANG_ENABLE_OBJC_ARC = YES;
				CLANG_WARN_BOOL_CONVERSION = YES;
				CLANG_WARN_CONSTANT_CONVERSION = YES;
				CLANG_WARN_DIRECT_OBJC_ISA_USAGE = YES_ERROR;
				CLANG_WARN_DOCUMENTATION_COMMENTS = YES;
				CLANG_WARN_EMPTY_BODY = YES;
				CLANG_WARN_ENUM_CONVERSION = YES;
				CLANG_WARN_INFINITE_RECURSION = YES;
				CLANG_WARN_INT_CONVERSION = YES;
				CLANG_WARN_OBJC_ROOT_CLASS = YES_ERROR;
				CLANG_WARN_SUSPICIOUS_MOVES = YES;
				CLANG_WARN_UNREACHABLE_CODE = YES;
				CLANG_WARN__DUPLICATE_METHOD_MATCH = YES;
				CODE_SIGN_IDENTITY = "-";
				COPY_PHASE_STRIP = NO;
				DEBUG_INFORMATION_FORMAT = "dwarf-with-dsym";
				ENABLE_NS_ASSERTIONS = NO;
				ENABLE_STRICT_OBJC_MSGSEND = YES;
				GCC_C_LANGUAGE_STANDARD = gnu99;
				GCC_NO_COMMON_BLOCKS = YES;
				GCC_WARN_64_TO_32_BIT_CONVERSION = YES;
				GCC_WARN_ABOUT_RETURN_TYPE = YES_ERROR;
				GCC_WARN_UNDECLARED_SELECTOR = YES;
				GCC_WARN_UNINITIALIZED_AUTOS = YES_AGGRESSIVE;
				GCC_WARN_UNUSED_FUNCTION = YES;
				GCC_WARN_UNUSED_VARIABLE = YES;
				MACOSX_DEPLOYMENT_TARGET = 10.12;
				MTL_ENABLE_DEBUG_INFO = NO;
				SDKROOT = macosx;
			};
			name = Release;
		};
		5518F1961E90A2B20002448D /* Debug */ = {
			isa = XCBuildConfiguration;
			buildSettings = {
				DEVELOPMENT_TEAM = 57DTEVY4D6;
				PRODUCT_NAME = "$(TARGET_NAME)";
			};
			name = Debug;
		};
		5518F1971E90A2B20002448D /* Release */ = {
			isa = XCBuildConfiguration;
			buildSettings = {
				DEVELOPMENT_TEAM = 57DTEVY4D6;
				PRODUCT_NAME = "$(TARGET_NAME)";
			};
			name = Release;
		};
/* End XCBuildConfiguration section */

/* Begin XCConfigurationList section */
		5518F1891E90A2B20002448D /* Build configuration list for PBXProject "polynomial" */ = {
			isa = XCConfigurationList;
			buildConfigurations = (
				5518F1931E90A2B20002448D /* Debug */,
				5518F1941E90A2B20002448D /* Release */,
			);
			defaultConfigurationIsVisible = 0;
			defaultConfigurationName = Release;
		};
		5518F1951E90A2B20002448D /* Build configuration list for PBXNativeTarget "polynomial" */ = {
			isa = XCConfigurationList;
			buildConfigurations = (
				5518F1961E90A2B20002448D /* Debug */,
				5518F1971E90A2B20002448D /* Release */,
			);
			defaultConfigurationIsVisible = 0;
		};
/* End XCConfigurationList section */
	};
	rootObject = 5518F1861E90A2B20002448D /* Project object */;
}
